
Microsoft Visual Studio Solution File, Format Version 12.00
# Visual Studio Version 17
VisualStudioVersion = 17.11.35327.3
MinimumVisualStudioVersion = 10.0.40219.1
Project("{FAE04EC0-301F-11D3-BF4B-00C04F79EFBC}") = "Building_Minimal_APIs_With_ASPnet_Core_And_EF_Core_Movies_App", "Building_Minimal_APIs_With_ASPnet_Core_And_EF_Core_Movies_App.csproj", "{88FCE03D-96E2-4D65-A752-A592B32A85C2}"
EndProject
Global
	GlobalSection(SolutionConfigurationPlatforms) = preSolution
		Debug|Any CPU = Debug|Any CPU
		Release|Any CPU = Release|Any CPU
	EndGlobalSection
	GlobalSection(ProjectConfigurationPlatforms) = postSolution
		{88FCE03D-96E2-4D65-A752-A592B32A85C2}.Debug|Any CPU.ActiveCfg = Debug|Any CPU
		{88FCE03D-96E2-4D65-A752-A592B32A85C2}.Debug|Any CPU.Build.0 = Debug|Any CPU
		{88FCE03D-96E2-4D65-A752-A592B32A85C2}.Release|Any CPU.ActiveCfg = Release|Any CPU
		{88FCE03D-96E2-4D65-A752-A592B32A85C2}.Release|Any CPU.Build.0 = Release|Any CPU
	EndGlobalSection
	GlobalSection(SolutionProperties) = preSolution
		HideSolutionNode = FALSE
	EndGlobalSection
	GlobalSection(ExtensibilityGlobals) = postSolution
		SolutionGuid = {3ABB68BD-D8D3-4AF0-AF0B-46730F4D4835}
	EndGlobalSection
EndGlobal
